
Microsoft Visual Studio Solution File, Format Version 12.00
# Visual Studio Version 17
VisualStudioVersion = 17.13.35919.96 d17.13
MinimumVisualStudioVersion = 10.0.40219.1
Project("{FAE04EC0-301F-11D3-BF4B-00C04F79EFBC}") = "InMemory.Web", "InMemory.Web\InMemory.Web.csproj", "{E29D9104-03A3-4C0A-9BE9-BE738A34D1DF}"
EndProject
Project("{FAE04EC0-301F-11D3-BF4B-00C04F79EFBC}") = "IDistributedCacheRedisApp.Web", "IDistributedCacheRedisApp.Web\IDistributedCacheRedisApp.Web.csproj", "{5B95578D-2C9D-4793-A126-206FCBE448D7}"
EndProject
Global
	GlobalSection(SolutionConfigurationPlatforms) = preSolution
		Debug|Any CPU = Debug|Any CPU
		Release|Any CPU = Release|Any CPU
	EndGlobalSection
	GlobalSection(ProjectConfigurationPlatforms) = postSolution
		{E29D9104-03A3-4C0A-9BE9-BE738A34D1DF}.Debug|Any CPU.ActiveCfg = Debug|Any CPU
		{E29D9104-03A3-4C0A-9BE9-BE738A34D1DF}.Debug|Any CPU.Build.0 = Debug|Any CPU
		{E29D9104-03A3-4C0A-9BE9-BE738A34D1DF}.Release|Any CPU.ActiveCfg = Release|Any CPU
		{E29D9104-03A3-4C0A-9BE9-BE738A34D1DF}.Release|Any CPU.Build.0 = Release|Any CPU
		{5B95578D-2C9D-4793-A126-206FCBE448D7}.Debug|Any CPU.ActiveCfg = Debug|Any CPU
		{5B95578D-2C9D-4793-A126-206FCBE448D7}.Debug|Any CPU.Build.0 = Debug|Any CPU
		{5B95578D-2C9D-4793-A126-206FCBE448D7}.Release|Any CPU.ActiveCfg = Release|Any CPU
		{5B95578D-2C9D-4793-A126-206FCBE448D7}.Release|Any CPU.Build.0 = Release|Any CPU
	EndGlobalSection
	GlobalSection(SolutionProperties) = preSolution
		HideSolutionNode = FALSE
	EndGlobalSection
	GlobalSection(ExtensibilityGlobals) = postSolution
		SolutionGuid = {33CD83DE-40DF-43AC-B19A-D812CAB18D30}
	EndGlobalSection
EndGlobal
